
Microsoft Visual Studio Solution File, Format Version 12.00
# Visual Studio Version 17
VisualStudioVersion = 17.14.36408.4 d17.14
MinimumVisualStudioVersion = 10.0.40219.1
Project("{FAE04EC0-301F-11D3-BF4B-00C04F79EFBC}") = "WpfApp1", "WpfApp1\WpfApp1.csproj", "{75C79565-42BE-4AB9-9B42-13D1A509FFD7}"
EndProject
Global
	GlobalSection(SolutionConfigurationPlatforms) = preSolution
		Debug|Any CPU = Debug|Any CPU
		Release|Any CPU = Release|Any CPU
	EndGlobalSection
	GlobalSection(ProjectConfigurationPlatforms) = postSolution
		{75C79565-42BE-4AB9-9B42-13D1A509FFD7}.Debug|Any CPU.ActiveCfg = Debug|Any CPU
		{75C79565-42BE-4AB9-9B42-13D1A509FFD7}.Debug|Any CPU.Build.0 = Debug|Any CPU
		{75C79565-42BE-4AB9-9B42-13D1A509FFD7}.Release|Any CPU.ActiveCfg = Release|Any CPU
		{75C79565-42BE-4AB9-9B42-13D1A509FFD7}.Release|Any CPU.Build.0 = Release|Any CPU
	EndGlobalSection
	GlobalSection(SolutionProperties) = preSolution
		HideSolutionNode = FALSE
	EndGlobalSection
	GlobalSection(ExtensibilityGlobals) = postSolution
		SolutionGuid = {774B317A-AC6F-4AB7-87C0-F67D2C848CE7}
	EndGlobalSection
EndGlobal
